
Microsoft Visual Studio Solution File, Format Version 12.00
# Visual Studio Version 16
VisualStudioVersion = 16.0.30320.27
MinimumVisualStudioVersion = 10.0.40219.1
Project("{FAE04EC0-301F-11D3-BF4B-00C04F79EFBC}") = "thZero.NetCore.Library.Asp.Instrumentation.Steeltoe", "thZero.NetCore.Library.Asp.Instrumentation.Steeltoe.csproj", "{24A6B900-DF81-41D0-B562-01235D287320}"
EndProject
Project("{9A19103F-16F7-4668-BE54-9A1E7A4F7556}") = "thZero.NetCore.Library", "..\thZero.NetCore.Library\thZero.NetCore.Library.csproj", "{28B909D0-332E-4783-BCC7-9B816C8CACB0}"
EndProject
Project("{9A19103F-16F7-4668-BE54-9A1E7A4F7556}") = "thZero.NetCore.Library.Asp", "..\thZero.NetCore.Library.Asp\thZero.NetCore.Library.Asp.csproj", "{33E88DBA-90BA-4B2A-A5D9-A5ED72E091B3}"
EndProject
Project("{9A19103F-16F7-4668-BE54-9A1E7A4F7556}") = "thZero.NetCore.Library.Asp.Instrumentation", "..\thZero.NetCore.Library.Asp.Instrumentation\thZero.NetCore.Library.Asp.Instrumentation.csproj", "{2AF5CAFA-6351-4A82-B4FB-5A02E20CF00E}"
EndProject
Global
	GlobalSection(SolutionConfigurationPlatforms) = preSolution
		Debug|Any CPU = Debug|Any CPU
		Release|Any CPU = Release|Any CPU
	EndGlobalSection
	GlobalSection(ProjectConfigurationPlatforms) = postSolution
		{24A6B900-DF81-41D0-B562-01235D287320}.Debug|Any CPU.ActiveCfg = Debug|Any CPU
		{24A6B900-DF81-41D0-B562-01235D287320}.Debug|Any CPU.Build.0 = Debug|Any CPU
		{24A6B900-DF81-41D0-B562-01235D287320}.Release|Any CPU.ActiveCfg = Release|Any CPU
		{24A6B900-DF81-41D0-B562-01235D287320}.Release|Any CPU.Build.0 = Release|Any CPU
		{28B909D0-332E-4783-BCC7-9B816C8CACB0}.Debug|Any CPU.ActiveCfg = Debug|Any CPU
		{28B909D0-332E-4783-BCC7-9B816C8CACB0}.Debug|Any CPU.Build.0 = Debug|Any CPU
		{28B909D0-332E-4783-BCC7-9B816C8CACB0}.Release|Any CPU.ActiveCfg = Release|Any CPU
		{28B909D0-332E-4783-BCC7-9B816C8CACB0}.Release|Any CPU.Build.0 = Release|Any CPU
		{33E88DBA-90BA-4B2A-A5D9-A5ED72E091B3}.Debug|Any CPU.ActiveCfg = Debug|Any CPU
		{33E88DBA-90BA-4B2A-A5D9-A5ED72E091B3}.Debug|Any CPU.Build.0 = Debug|Any CPU
		{33E88DBA-90BA-4B2A-A5D9-A5ED72E091B3}.Release|Any CPU.ActiveCfg = Release|Any CPU
		{33E88DBA-90BA-4B2A-A5D9-A5ED72E091B3}.Release|Any CPU.Build.0 = Release|Any CPU
		{2AF5CAFA-6351-4A82-B4FB-5A02E20CF00E}.Debug|Any CPU.ActiveCfg = Debug|Any CPU
		{2AF5CAFA-6351-4A82-B4FB-5A02E20CF00E}.Debug|Any CPU.Build.0 = Debug|Any CPU
		{2AF5CAFA-6351-4A82-B4FB-5A02E20CF00E}.Release|Any CPU.ActiveCfg = Release|Any CPU
		{2AF5CAFA-6351-4A82-B4FB-5A02E20CF00E}.Release|Any CPU.Build.0 = Release|Any CPU
	EndGlobalSection
	GlobalSection(SolutionProperties) = preSolution
		HideSolutionNode = FALSE
	EndGlobalSection
	GlobalSection(ExtensibilityGlobals) = postSolution
		SolutionGuid = {29E2F59E-980A-41BF-9B85-FC781C8E95C1}
	EndGlobalSection
EndGlobal
