
Microsoft Visual Studio Solution File, Format Version 12.00
# Visual Studio 15
VisualStudioVersion = 15.0.28010.2019
MinimumVisualStudioVersion = 10.0.40219.1
Project("{9A19103F-16F7-4668-BE54-9A1E7A4F7556}") = "thZero.NetCore.Library.Asp.Instrumentation.Steeltoe", "thZero.NetCore.Library.Asp.Instrumentation.Steeltoe.csproj", "{F24A7FDA-D6F3-47BA-B298-2492328D00B2}"
EndProject
Global
	GlobalSection(SolutionConfigurationPlatforms) = preSolution
		Debug|Any CPU = Debug|Any CPU
		Release|Any CPU = Release|Any CPU
	EndGlobalSection
	GlobalSection(ProjectConfigurationPlatforms) = postSolution
		{F24A7FDA-D6F3-47BA-B298-2492328D00B2}.Debug|Any CPU.ActiveCfg = Debug|Any CPU
		{F24A7FDA-D6F3-47BA-B298-2492328D00B2}.Debug|Any CPU.Build.0 = Debug|Any CPU
		{F24A7FDA-D6F3-47BA-B298-2492328D00B2}.Release|Any CPU.ActiveCfg = Release|Any CPU
		{F24A7FDA-D6F3-47BA-B298-2492328D00B2}.Release|Any CPU.Build.0 = Release|Any CPU
	EndGlobalSection
	GlobalSection(SolutionProperties) = preSolution
		HideSolutionNode = FALSE
	EndGlobalSection
	GlobalSection(ExtensibilityGlobals) = postSolution
		SolutionGuid = {B6670DCA-0B99-4DFD-8E15-2FE233275ED6}
	EndGlobalSection
EndGlobal
